
Microsoft Visual Studio Solution File, Format Version 12.00
# Visual Studio Version 17
VisualStudioVersion = 17.0.32112.339
MinimumVisualStudioVersion = 10.0.40219.1
Project("{2150E333-8FDC-42A3-9474-1A3956D46DE8}") = "Services", "Services", "{09979EEB-7385-4CD0-96D0-9154D7634A99}"
EndProject
Project("{2150E333-8FDC-42A3-9474-1A3956D46DE8}") = "SensorDeviceMicroservice", "SensorDeviceMicroservice", "{2D64CD45-5C4C-44A7-8562-514C34DAE023}"
EndProject
Project("{9A19103F-16F7-4668-BE54-9A1E7A4F7556}") = "SensorDeviceMicroservice.API", "SensorDeviceMicroservice\SensorDeviceMicroservice.API\SensorDeviceMicroservice.API.csproj", "{E6FF2418-50E9-4ED8-9889-F356D348AD65}"
EndProject
Project("{2150E333-8FDC-42A3-9474-1A3956D46DE8}") = "DataMicroservice", "DataMicroservice", "{E0476D63-753E-4588-877F-35EE79370CFB}"
EndProject
Project("{9A19103F-16F7-4668-BE54-9A1E7A4F7556}") = "DataMicroservice.API", "DataMicroservice\DataMicroservice.API\DataMicroservice.API.csproj", "{3DF303F2-8EEC-490C-8CCB-AB48E7D61733}"
EndProject
Project("{E53339B2-1760-4266-BCC7-CA923CBCF16C}") = "docker-compose", "docker-compose.dcproj", "{E768AC44-3C28-41C8-8A2B-BCF1A719969C}"
EndProject
Project("{2150E333-8FDC-42A3-9474-1A3956D46DE8}") = "AnalyticsMicroservice", "AnalyticsMicroservice", "{769FE3A5-CF04-4861-A8E8-E5622584EABC}"
EndProject
Project("{9A19103F-16F7-4668-BE54-9A1E7A4F7556}") = "AnalyticsMicroservice.API", "AnalyticsMicroservice\AnalyticsMicroservice.API\AnalyticsMicroservice.API.csproj", "{E5963B3D-0719-4ADD-B689-FA2556B3CD20}"
EndProject
Project("{2150E333-8FDC-42A3-9474-1A3956D46DE8}") = "CommandMicroservice", "CommandMicroservice", "{59B5FB52-D310-4CF3-9B7E-E395486AD564}"
EndProject
Project("{9A19103F-16F7-4668-BE54-9A1E7A4F7556}") = "CommandMicroservice.API", "CommandMicroservice\CommandMicroservice.API\CommandMicroservice.API.csproj", "{12554B11-05D8-40EF-9E74-B6495761BC8B}"
EndProject
Project("{2150E333-8FDC-42A3-9474-1A3956D46DE8}") = "ApiGateway", "ApiGateway", "{C9727487-B5C5-45ED-8BD2-F1A0E9678DFD}"
EndProject
Project("{9A19103F-16F7-4668-BE54-9A1E7A4F7556}") = "OcelotApiGw", "ApiGateway\OcelotApiGw\OcelotApiGw.csproj", "{1000EDE4-3C62-491A-81EF-3A42DFA7BF31}"
EndProject
Project("{2150E333-8FDC-42A3-9474-1A3956D46DE8}") = "Dashboard", "Dashboard", "{3D7A782C-2C8F-4F3B-AF9D-89B6BC811FD7}"
	ProjectSection(SolutionItems) = preProject
		..\..\mixy\SOA\SolarRadiationIOT\Dashboard\dataCharts.js = ..\..\mixy\SOA\SolarRadiationIOT\Dashboard\dataCharts.js
		..\..\mixy\SOA\SolarRadiationIOT\Dashboard\index.css = ..\..\mixy\SOA\SolarRadiationIOT\Dashboard\index.css
		..\..\mixy\SOA\SolarRadiationIOT\Dashboard\index.html = ..\..\mixy\SOA\SolarRadiationIOT\Dashboard\index.html
		..\..\mixy\SOA\SolarRadiationIOT\Dashboard\index.js = ..\..\mixy\SOA\SolarRadiationIOT\Dashboard\index.js
		..\..\mixy\SOA\SolarRadiationIOT\Dashboard\libman.json = ..\..\mixy\SOA\SolarRadiationIOT\Dashboard\libman.json
		..\..\mixy\SOA\SolarRadiationIOT\Dashboard\notificationsData.js = ..\..\mixy\SOA\SolarRadiationIOT\Dashboard\notificationsData.js
	EndProjectSection
EndProject
Project("{2150E333-8FDC-42A3-9474-1A3956D46DE8}") = "wwwroot", "wwwroot", "{0C423AED-B7AD-4B23-8F0C-86EEDAFB1172}"
EndProject
Project("{2150E333-8FDC-42A3-9474-1A3956D46DE8}") = "js", "js", "{BDE7546C-4E24-4624-98CF-EE7C2F4F7055}"
	ProjectSection(SolutionItems) = preProject
		..\..\mixy\SOA\SolarRadiationIOT\Dashboard\wwwroot\js\chat.js = ..\..\mixy\SOA\SolarRadiationIOT\Dashboard\wwwroot\js\chat.js
	EndProjectSection
EndProject
Global
	GlobalSection(SolutionConfigurationPlatforms) = preSolution
		Debug|Any CPU = Debug|Any CPU
		Release|Any CPU = Release|Any CPU
	EndGlobalSection
	GlobalSection(ProjectConfigurationPlatforms) = postSolution
		{E6FF2418-50E9-4ED8-9889-F356D348AD65}.Debug|Any CPU.ActiveCfg = Debug|Any CPU
		{E6FF2418-50E9-4ED8-9889-F356D348AD65}.Debug|Any CPU.Build.0 = Debug|Any CPU
		{E6FF2418-50E9-4ED8-9889-F356D348AD65}.Release|Any CPU.ActiveCfg = Release|Any CPU
		{E6FF2418-50E9-4ED8-9889-F356D348AD65}.Release|Any CPU.Build.0 = Release|Any CPU
		{3DF303F2-8EEC-490C-8CCB-AB48E7D61733}.Debug|Any CPU.ActiveCfg = Debug|Any CPU
		{3DF303F2-8EEC-490C-8CCB-AB48E7D61733}.Debug|Any CPU.Build.0 = Debug|Any CPU
		{3DF303F2-8EEC-490C-8CCB-AB48E7D61733}.Release|Any CPU.ActiveCfg = Release|Any CPU
		{3DF303F2-8EEC-490C-8CCB-AB48E7D61733}.Release|Any CPU.Build.0 = Release|Any CPU
		{E768AC44-3C28-41C8-8A2B-BCF1A719969C}.Debug|Any CPU.ActiveCfg = Debug|Any CPU
		{E768AC44-3C28-41C8-8A2B-BCF1A719969C}.Debug|Any CPU.Build.0 = Debug|Any CPU
		{E768AC44-3C28-41C8-8A2B-BCF1A719969C}.Release|Any CPU.ActiveCfg = Release|Any CPU
		{E768AC44-3C28-41C8-8A2B-BCF1A719969C}.Release|Any CPU.Build.0 = Release|Any CPU
		{E5963B3D-0719-4ADD-B689-FA2556B3CD20}.Debug|Any CPU.ActiveCfg = Debug|Any CPU
		{E5963B3D-0719-4ADD-B689-FA2556B3CD20}.Debug|Any CPU.Build.0 = Debug|Any CPU
		{E5963B3D-0719-4ADD-B689-FA2556B3CD20}.Release|Any CPU.ActiveCfg = Release|Any CPU
		{E5963B3D-0719-4ADD-B689-FA2556B3CD20}.Release|Any CPU.Build.0 = Release|Any CPU
		{12554B11-05D8-40EF-9E74-B6495761BC8B}.Debug|Any CPU.ActiveCfg = Debug|Any CPU
		{12554B11-05D8-40EF-9E74-B6495761BC8B}.Debug|Any CPU.Build.0 = Debug|Any CPU
		{12554B11-05D8-40EF-9E74-B6495761BC8B}.Release|Any CPU.ActiveCfg = Release|Any CPU
		{12554B11-05D8-40EF-9E74-B6495761BC8B}.Release|Any CPU.Build.0 = Release|Any CPU
		{1000EDE4-3C62-491A-81EF-3A42DFA7BF31}.Debug|Any CPU.ActiveCfg = Debug|Any CPU
		{1000EDE4-3C62-491A-81EF-3A42DFA7BF31}.Debug|Any CPU.Build.0 = Debug|Any CPU
		{1000EDE4-3C62-491A-81EF-3A42DFA7BF31}.Release|Any CPU.ActiveCfg = Release|Any CPU
		{1000EDE4-3C62-491A-81EF-3A42DFA7BF31}.Release|Any CPU.Build.0 = Release|Any CPU
	EndGlobalSection
	GlobalSection(SolutionProperties) = preSolution
		HideSolutionNode = FALSE
	EndGlobalSection
	GlobalSection(NestedProjects) = preSolution
		{2D64CD45-5C4C-44A7-8562-514C34DAE023} = {09979EEB-7385-4CD0-96D0-9154D7634A99}
		{E6FF2418-50E9-4ED8-9889-F356D348AD65} = {2D64CD45-5C4C-44A7-8562-514C34DAE023}
		{E0476D63-753E-4588-877F-35EE79370CFB} = {09979EEB-7385-4CD0-96D0-9154D7634A99}
		{3DF303F2-8EEC-490C-8CCB-AB48E7D61733} = {E0476D63-753E-4588-877F-35EE79370CFB}
		{769FE3A5-CF04-4861-A8E8-E5622584EABC} = {09979EEB-7385-4CD0-96D0-9154D7634A99}
		{E5963B3D-0719-4ADD-B689-FA2556B3CD20} = {769FE3A5-CF04-4861-A8E8-E5622584EABC}
		{59B5FB52-D310-4CF3-9B7E-E395486AD564} = {09979EEB-7385-4CD0-96D0-9154D7634A99}
		{12554B11-05D8-40EF-9E74-B6495761BC8B} = {59B5FB52-D310-4CF3-9B7E-E395486AD564}
		{1000EDE4-3C62-491A-81EF-3A42DFA7BF31} = {C9727487-B5C5-45ED-8BD2-F1A0E9678DFD}
		{0C423AED-B7AD-4B23-8F0C-86EEDAFB1172} = {3D7A782C-2C8F-4F3B-AF9D-89B6BC811FD7}
		{BDE7546C-4E24-4624-98CF-EE7C2F4F7055} = {0C423AED-B7AD-4B23-8F0C-86EEDAFB1172}
	EndGlobalSection
	GlobalSection(ExtensibilityGlobals) = postSolution
		SolutionGuid = {03A6D96B-505E-404B-A5AC-5C978DCE0C09}
	EndGlobalSection
EndGlobal
